
Microsoft Visual Studio Solution File, Format Version 12.00
# Visual Studio Version 16
VisualStudioVersion = 16.0.32228.343
MinimumVisualStudioVersion = 10.0.40219.1
Project("{FAE04EC0-301F-11D3-BF4B-00C04F79EFBC}") = "SportNewsApp", "SportNewsApp\SportNewsApp.csproj", "{A3FB01A9-9C8D-40E4-815B-75491BDFE1E3}"
EndProject
Global
	GlobalSection(SolutionConfigurationPlatforms) = preSolution
		Debug|Any CPU = Debug|Any CPU
		Release|Any CPU = Release|Any CPU
	EndGlobalSection
	GlobalSection(ProjectConfigurationPlatforms) = postSolution
		{A3FB01A9-9C8D-40E4-815B-75491BDFE1E3}.Debug|Any CPU.ActiveCfg = Debug|Any CPU
		{A3FB01A9-9C8D-40E4-815B-75491BDFE1E3}.Debug|Any CPU.Build.0 = Debug|Any CPU
		{A3FB01A9-9C8D-40E4-815B-75491BDFE1E3}.Release|Any CPU.ActiveCfg = Release|Any CPU
		{A3FB01A9-9C8D-40E4-815B-75491BDFE1E3}.Release|Any CPU.Build.0 = Release|Any CPU
	EndGlobalSection
	GlobalSection(SolutionProperties) = preSolution
		HideSolutionNode = FALSE
	EndGlobalSection
	GlobalSection(ExtensibilityGlobals) = postSolution
		SolutionGuid = {03A35855-1C32-48BE-9623-C7BE2F0671AB}
	EndGlobalSection
EndGlobal
